[[package]]
category = "main"
description = "Pure Python, cross platform, single function module with no dependencies for playing sounds."
name = "playsound"
optional = false
python-versions = "*"
version = "1.2.2"

[metadata]
content-hash = "9450e8a466aee8e70f92252aeef5e697f722cb603864098c3bc75f30ae37b829"
python-versions = "^3.8"

[metadata.files]
playsound = [
    {file = "playsound-1.2.2-py2.py3-none-any.whl", hash = "sha256:1e83750a5325cbccee03d6e751ba3e78c037ac95b95a3ba1f38d0c5aca9e1a34"},
]
